// !$*UTF8*$!
{
	archiveVersion = 1;
	classes = {
	};
	objectVersion = 56;
	objects = {

/* Begin PBXBuildFile section */
		A85EB9CB2BA3EB62008B2482 /* TCA_Essential_YFFApp.swift in Sources */ = {isa = PBXBuildFile; fileRef = A85EB9CA2BA3EB62008B2482 /* TCA_Essential_YFFApp.swift */; };
		A85EB9CD2BA3EB62008B2482 /* ContentView.swift in Sources */ = {isa = PBXBuildFile; fileRef = A85EB9CC2BA3EB62008B2482 /* ContentView.swift */; };
		A85EB9CF2BA3EB63008B2482 /* Assets.xcassets in Resources */ = {isa = PBXBuildFile; fileRef = A85EB9CE2BA3EB63008B2482 /* Assets.xcassets */; };
		A85EB9D22BA3EB63008B2482 /* Preview Assets.xcassets in Resources */ = {isa = PBXBuildFile; fileRef = A85EB9D12BA3EB63008B2482 /* Preview Assets.xcassets */; };
		A85EB9DA2BA3EBE0008B2482 /* ComposableArchitecture in Frameworks */ = {isa = PBXBuildFile; productRef = A85EB9D92BA3EBE0008B2482 /* ComposableArchitecture */; };
		A85EB9DC2BA3EC85008B2482 /* CounterFeature.swift in Sources */ = {isa = PBXBuildFile; fileRef = A85EB9DB2BA3EC85008B2482 /* CounterFeature.swift */; };
		A85EB9DE2BA3EFF4008B2482 /* CounterView.swift in Sources */ = {isa = PBXBuildFile; fileRef = A85EB9DD2BA3EFF4008B2482 /* CounterView.swift */; };
/* End PBXBuildFile section */

/* Begin PBXFileReference section */
		A85EB9C72BA3EB62008B2482 /* TCA_Essential_YFF.app */ = {isa = PBXFileReference; explicitFileType = wrapper.application; includeInIndex = 0; path = TCA_Essential_YFF.app; sourceTree = BUILT_PRODUCTS_DIR; };
		A85EB9CA2BA3EB62008B2482 /* TCA_Essential_YFFApp.swift */ = {isa = PBXFileReference; lastKnownFileType = sourcecode.swift; path = TCA_Essential_YFFApp.swift; sourceTree = "<group>"; };
		A85EB9CC2BA3EB62008B2482 /* ContentView.swift */ = {isa = PBXFileReference; lastKnownFileType = sourcecode.swift; path = ContentView.swift; sourceTree = "<group>"; };
		A85EB9CE2BA3EB63008B2482 /* Assets.xcassets */ = {isa = PBXFileReference; lastKnownFileType = folder.assetcatalog; path = Assets.xcassets; sourceTree = "<group>"; };
		A85EB9D12BA3EB63008B2482 /* Preview Assets.xcassets */ = {isa = PBXFileReference; lastKnownFileType = folder.assetcatalog; path = "Preview Assets.xcassets"; sourceTree = "<group>"; };
		A85EB9DB2BA3EC85008B2482 /* CounterFeature.swift */ = {isa = PBXFileReference; lastKnownFileType = sourcecode.swift; path = CounterFeature.swift; sourceTree = "<group>"; };
		A85EB9DD2BA3EFF4008B2482 /* CounterView.swift */ = {isa = PBXFileReference; lastKnownFileType = sourcecode.swift; path = CounterView.swift; sourceTree = "<group>"; };
/* End PBXFileReference section */

/* Begin PBXFrameworksBuildPhase section */
		A85EB9C42BA3EB62008B2482 /* Frameworks */ = {
			isa = PBXFrameworksBuildPhase;
			buildActionMask = 2147483647;
			files = (
				A85EB9DA2BA3EBE0008B2482 /* ComposableArchitecture in Frameworks */,
			);
			runOnlyForDeploymentPostprocessing = 0;
		};
/* End PBXFrameworksBuildPhase section */

/* Begin PBXGroup section */
		A85EB9BE2BA3EB62008B2482 = {
			isa = PBXGroup;
			children = (
				A85EB9C92BA3EB62008B2482 /* TCA_Essential_YFF */,
				A85EB9C82BA3EB62008B2482 /* Products */,
			);
			sourceTree = "<group>";
		};
		A85EB9C82BA3EB62008B2482 /* Products */ = {
			isa = PBXGroup;
			children = (
				A85EB9C72BA3EB62008B2482 /* TCA_Essential_YFF.app */,
			);
			name = Products;
			sourceTree = "<group>";
		};
		A85EB9C92BA3EB62008B2482 /* TCA_Essential_YFF */ = {
			isa = PBXGroup;
			children = (
				A85EB9CA2BA3EB62008B2482 /* TCA_Essential_YFFApp.swift */,
				A85EB9CC2BA3EB62008B2482 /* ContentView.swift */,
				A85EB9DD2BA3EFF4008B2482 /* CounterView.swift */,
				A85EB9DB2BA3EC85008B2482 /* CounterFeature.swift */,
				A85EB9CE2BA3EB63008B2482 /* Assets.xcassets */,
				A85EB9D02BA3EB63008B2482 /* Preview Content */,
			);
			path = TCA_Essential_YFF;
			sourceTree = "<group>";
		};
		A85EB9D02BA3EB63008B2482 /* Preview Content */ = {
			isa = PBXGroup;
			children = (
				A85EB9D12BA3EB63008B2482 /* Preview Assets.xcassets */,
			);
			path = "Preview Content";
			sourceTree = "<group>";
		};
/* End PBXGroup section */

/* Begin PBXNativeTarget section */
		A85EB9C62BA3EB62008B2482 /* TCA_Essential_YFF */ = {
			isa = PBXNativeTarget;
			buildConfigurationList = A85EB9D52BA3EB63008B2482 /* Build configuration list for PBXNativeTarget "TCA_Essential_YFF" */;
			buildPhases = (
				A85EB9C32BA3EB62008B2482 /* Sources */,
				A85EB9C42BA3EB62008B2482 /* Frameworks */,
				A85EB9C52BA3EB62008B2482 /* Resources */,
			);
			buildRules = (
			);
			dependencies = (
			);
			name = TCA_Essential_YFF;
			packageProductDependencies = (
				A85EB9D92BA3EBE0008B2482 /* ComposableArchitecture */,
			);
			productName = TCA_Essential_YFF;
			productReference = A85EB9C72BA3EB62008B2482 /* TCA_Essential_YFF.app */;
			productType = "com.apple.product-type.application";
		};
/* End PBXNativeTarget section */

/* Begin PBXProject section */
		A85EB9BF2BA3EB62008B2482 /* Project object */ = {
			isa = PBXProject;
			attributes = {
				BuildIndependentTargetsInParallel = 1;
				LastSwiftUpdateCheck = 1520;
				LastUpgradeCheck = 1520;
				TargetAttributes = {
					A85EB9C62BA3EB62008B2482 = {
						CreatedOnToolsVersion = 15.2;
					};
				};
			};
			buildConfigurationList = A85EB9C22BA3EB62008B2482 /* Build configuration list for PBXProject "TCA_Essential_YFF" */;
			compatibilityVersion = "Xcode 14.0";
			developmentRegion = en;
			hasScannedForEncodings = 0;
			knownRegions = (
				en,
				Base,
			);
			mainGroup = A85EB9BE2BA3EB62008B2482;
			packageReferences = (
				A85EB9D82BA3EBE0008B2482 /* XCRemoteSwiftPackageReference "swift-composable-architecture" */,
			);
			productRefGroup = A85EB9C82BA3EB62008B2482 /* Products */;
			projectDirPath = "";
			projectRoot = "";
			targets = (
				A85EB9C62BA3EB62008B2482 /* TCA_Essential_YFF */,
			);
		};
/* End PBXProject section */

/* Begin PBXResourcesBuildPhase section */
		A85EB9C52BA3EB62008B2482 /* Resources */ = {
			isa = PBXResourcesBuildPhase;
			buildActionMask = 2147483647;
			files = (
				A85EB9D22BA3EB63008B2482 /* Preview Assets.xcassets in Resources */,
				A85EB9CF2BA3EB63008B2482 /* Assets.xcassets in Resources */,
			);
			runOnlyForDeploymentPostprocessing = 0;
		};
/* End PBXResourcesBuildPhase section */

/* Begin PBXSourcesBuildPhase section */
		A85EB9C32BA3EB62008B2482 /* Sources */ = {
			isa = PBXSourcesBuildPhase;
			buildActionMask = 2147483647;
			files = (
				A85EB9DC2BA3EC85008B2482 /* CounterFeature.swift in Sources */,
				A85EB9CD2BA3EB62008B2482 /* ContentView.swift in Sources */,
				A85EB9CB2BA3EB62008B2482 /* TCA_Essential_YFFApp.swift in Sources */,
				A85EB9DE2BA3EFF4008B2482 /* CounterView.swift in Sources */,
			);
			runOnlyForDeploymentPostprocessing = 0;
		};
/* End PBXSourcesBuildPhase section */

/* Begin XCBuildConfiguration section */
		A85EB9D32BA3EB63008B2482 /* Debug */ = {
			isa = XCBuildConfiguration;
			buildSettings = {
				ALWAYS_SEARCH_USER_PATHS = NO;
				ASSETCATALOG_COMPILER_GENERATE_SWIFT_ASSET_SYMBOL_EXTENSIONS = YES;
				CLANG_ANALYZER_NONNULL = YES;
				CLANG_ANALYZER_NUMBER_OBJECT_CONVERSION = YES_AGGRESSIVE;
				CLANG_CXX_LANGUAGE_STANDARD = "gnu++20";
				CLANG_ENABLE_MODULES = YES;
				CLANG_ENABLE_OBJC_ARC = YES;
				CLANG_ENABLE_OBJC_WEAK = YES;
				CLANG_WARN_BLOCK_CAPTURE_AUTORELEASING = YES;
				CLANG_WARN_BOOL_CONVERSION = YES;
				CLANG_WARN_COMMA = YES;
				CLANG_WARN_CONSTANT_CONVERSION = YES;
				CLANG_WARN_DEPRECATED_OBJC_IMPLEMENTATIONS = YES;
				CLANG_WARN_DIRECT_OBJC_ISA_USAGE = YES_ERROR;
				CLANG_WARN_DOCUMENTATION_COMMENTS = YES;
				CLANG_WARN_EMPTY_BODY = YES;
				CLANG_WARN_ENUM_CONVERSION = YES;
				CLANG_WARN_INFINITE_RECURSION = YES;
				CLANG_WARN_INT_CONVERSION = YES;
				CLANG_WARN_NON_LITERAL_NULL_CONVERSION = YES;
				CLANG_WARN_OBJC_IMPLICIT_RETAIN_SELF = YES;
				CLANG_WARN_OBJC_LITERAL_CONVERSION = YES;
				CLANG_WARN_OBJC_ROOT_CLASS = YES_ERROR;
				CLANG_WARN_QUOTED_INCLUDE_IN_FRAMEWORK_HEADER = YES;
				CLANG_WARN_RANGE_LOOP_ANALYSIS = YES;
				CLANG_WARN_STRICT_PROTOTYPES = YES;
				CLANG_WARN_SUSPICIOUS_MOVE = YES;
				CLANG_WARN_UNGUARDED_AVAILABILITY = YES_AGGRESSIVE;
				CLANG_WARN_UNREACHABLE_CODE = YES;
				CLANG_WARN__DUPLICATE_METHOD_MATCH = YES;
				COPY_PHASE_STRIP = NO;
				DEBUG_INFORMATION_FORMAT = dwarf;
				ENABLE_STRICT_OBJC_MSGSEND = YES;
				ENABLE_TESTABILITY = YES;
				ENABLE_USER_SCRIPT_SANDBOXING = YES;
				GCC_C_LANGUAGE_STANDARD = gnu17;
				GCC_DYNAMIC_NO_PIC = NO;
				GCC_NO_COMMON_BLOCKS = YES;
				GCC_OPTIMIZATION_LEVEL = 0;
				GCC_PREPROCESSOR_DEFINITIONS = (
					"DEBUG=1",
					"$(inherited)",
				);
				GCC_WARN_64_TO_32_BIT_CONVERSION = YES;
				GCC_WARN_ABOUT_RETURN_TYPE = YES_ERROR;
				GCC_WARN_UNDECLARED_SELECTOR = YES;
				GCC_WARN_UNINITIALIZED_AUTOS = YES_AGGRESSIVE;
				GCC_WARN_UNUSED_FUNCTION = YES;
				GCC_WARN_UNUSED_VARIABLE = YES;
				IPHONEOS_DEPLOYMENT_TARGET = 17.2;
				LOCALIZATION_PREFERS_STRING_CATALOGS = YES;
				MTL_ENABLE_DEBUG_INFO = INCLUDE_SOURCE;
				MTL_FAST_MATH = YES;
				ONLY_ACTIVE_ARCH = YES;
				SDKROOT = iphoneos;
				SWIFT_ACTIVE_COMPILATION_CONDITIONS = "DEBUG $(inherited)";
				SWIFT_OPTIMIZATION_LEVEL = "-Onone";
			};
			name = Debug;
		};
		A85EB9D42BA3EB63008B2482 /* Release */ = {
			isa = XCBuildConfiguration;
			buildSettings = {
				ALWAYS_SEARCH_USER_PATHS = NO;
				ASSETCATALOG_COMPILER_GENERATE_SWIFT_ASSET_SYMBOL_EXTENSIONS = YES;
				CLANG_ANALYZER_NONNULL = YES;
				CLANG_ANALYZER_NUMBER_OBJECT_CONVERSION = YES_AGGRESSIVE;
				CLANG_CXX_LANGUAGE_STANDARD = "gnu++20";
				CLANG_ENABLE_MODULES = YES;
				CLANG_ENABLE_OBJC_ARC = YES;
				CLANG_ENABLE_OBJC_WEAK = YES;
				CLANG_WARN_BLOCK_CAPTURE_AUTORELEASING = YES;
				CLANG_WARN_BOOL_CONVERSION = YES;
				CLANG_WARN_COMMA = YES;
				CLANG_WARN_CONSTANT_CONVERSION = YES;
				CLANG_WARN_DEPRECATED_OBJC_IMPLEMENTATIONS = YES;
				CLANG_WARN_DIRECT_OBJC_ISA_USAGE = YES_ERROR;
				CLANG_WARN_DOCUMENTATION_COMMENTS = YES;
				CLANG_WARN_EMPTY_BODY = YES;
				CLANG_WARN_ENUM_CONVERSION = YES;
				CLANG_WARN_INFINITE_RECURSION = YES;
				CLANG_WARN_INT_CONVERSION = YES;
				CLANG_WARN_NON_LITERAL_NULL_CONVERSION = YES;
				CLANG_WARN_OBJC_IMPLICIT_RETAIN_SELF = YES;
				CLANG_WARN_OBJC_LITERAL_CONVERSION = YES;
				CLANG_WARN_OBJC_ROOT_CLASS = YES_ERROR;
				CLANG_WARN_QUOTED_INCLUDE_IN_FRAMEWORK_HEADER = YES;
				CLANG_WARN_RANGE_LOOP_ANALYSIS = YES;
				CLANG_WARN_STRICT_PROTOTYPES = YES;
				CLANG_WARN_SUSPICIOUS_MOVE = YES;
				CLANG_WARN_UNGUARDED_AVAILABILITY = YES_AGGRESSIVE;
				CLANG_WARN_UNREACHABLE_CODE = YES;
				CLANG_WARN__DUPLICATE_METHOD_MATCH = YES;
				COPY_PHASE_STRIP = NO;
				DEBUG_INFORMATION_FORMAT = "dwarf-with-dsym";
				ENABLE_NS_ASSERTIONS = NO;
				ENABLE_STRICT_OBJC_MSGSEND = YES;
				ENABLE_USER_SCRIPT_SANDBOXING = YES;
				GCC_C_LANGUAGE_STANDARD = gnu17;
				GCC_NO_COMMON_BLOCKS = YES;
				GCC_WARN_64_TO_32_BIT_CONVERSION = YES;
				GCC_WARN_ABOUT_RETURN_TYPE = YES_ERROR;
				GCC_WARN_UNDECLARED_SELECTOR = YES;
				GCC_WARN_UNINITIALIZED_AUTOS = YES_AGGRESSIVE;
				GCC_WARN_UNUSED_FUNCTION = YES;
				GCC_WARN_UNUSED_VARIABLE = YES;
				IPHONEOS_DEPLOYMENT_TARGET = 17.2;
				LOCALIZATION_PREFERS_STRING_CATALOGS = YES;
				MTL_ENABLE_DEBUG_INFO = NO;
				MTL_FAST_MATH = YES;
				SDKROOT = iphoneos;
				SWIFT_COMPILATION_MODE = wholemodule;
				VALIDATE_PRODUCT = YES;
			};
			name = Release;
		};
		A85EB9D62BA3EB63008B2482 /* Debug */ = {
			isa = XCBuildConfiguration;
			buildSettings = {
				ASSETCATALOG_COMPILER_APPICON_NAME = AppIcon;
				ASSETCATALOG_COMPILER_GLOBAL_ACCENT_COLOR_NAME = AccentColor;
				CODE_SIGN_STYLE = Automatic;
				CURRENT_PROJECT_VERSION = 1;
				DEVELOPMENT_ASSET_PATHS = "\"TCA_Essential_YFF/Preview Content\"";
				DEVELOPMENT_TEAM = 7MJ69FU8BU;
				ENABLE_PREVIEWS = YES;
				GENERATE_INFOPLIST_FILE = YES;
				INFOPLIST_KEY_UIApplicationSceneManifest_Generation = YES;
				INFOPLIST_KEY_UIApplicationSupportsIndirectInputEvents = YES;
				INFOPLIST_KEY_UILaunchScreen_Generation = YES;
				INFOPLIST_KEY_UISupportedInterfaceOrientations_iPad = "UIInterfaceOrientationPortrait UIInterfaceOrientationPortraitUpsideDown UIInterfaceOrientationLandscapeLeft UIInterfaceOrientationLandscapeRight";
				INFOPLIST_KEY_UISupportedInterfaceOrientations_iPhone = "UIInterfaceOrientationPortrait UIInterfaceOrientationLandscapeLeft UIInterfaceOrientationLandscapeRight";
				IPHONEOS_DEPLOYMENT_TARGET = 17.0;
				LD_RUNPATH_SEARCH_PATHS = (
					"$(inherited)",
					"@executable_path/Frameworks",
				);
				MARKETING_VERSION = 1.0;
				PRODUCT_BUNDLE_IDENTIFIER = "TCA-Essential-YFF.TCA-Essential-YFF";
				PRODUCT_NAME = "$(TARGET_NAME)";
				SWIFT_EMIT_LOC_STRINGS = YES;
				SWIFT_VERSION = 5.0;
				TARGETED_DEVICE_FAMILY = "1,2";
			};
			name = Debug;
		};
		A85EB9D72BA3EB63008B2482 /* Release */ = {
			isa = XCBuildConfiguration;
			buildSettings = {
				ASSETCATALOG_COMPILER_APPICON_NAME = AppIcon;
				ASSETCATALOG_COMPILER_GLOBAL_ACCENT_COLOR_NAME = AccentColor;
				CODE_SIGN_STYLE = Automatic;
				CURRENT_PROJECT_VERSION = 1;
				DEVELOPMENT_ASSET_PATHS = "\"TCA_Essential_YFF/Preview Content\"";
				DEVELOPMENT_TEAM = 7MJ69FU8BU;
				ENABLE_PREVIEWS = YES;
				GENERATE_INFOPLIST_FILE = YES;
				INFOPLIST_KEY_UIApplicationSceneManifest_Generation = YES;
				INFOPLIST_KEY_UIApplicationSupportsIndirectInputEvents = YES;
				INFOPLIST_KEY_UILaunchScreen_Generation = YES;
				INFOPLIST_KEY_UISupportedInterfaceOrientations_iPad = "UIInterfaceOrientationPortrait UIInterfaceOrientationPortraitUpsideDown UIInterfaceOrientationLandscapeLeft UIInterfaceOrientationLandscapeRight";
				INFOPLIST_KEY_UISupportedInterfaceOrientations_iPhone = "UIInterfaceOrientationPortrait UIInterfaceOrientationLandscapeLeft UIInterfaceOrientationLandscapeRight";
				IPHONEOS_DEPLOYMENT_TARGET = 17.0;
				LD_RUNPATH_SEARCH_PATHS = (
					"$(inherited)",
					"@executable_path/Frameworks",
				);
				MARKETING_VERSION = 1.0;
				PRODUCT_BUNDLE_IDENTIFIER = "TCA-Essential-YFF.TCA-Essential-YFF";
				PRODUCT_NAME = "$(TARGET_NAME)";
				SWIFT_EMIT_LOC_STRINGS = YES;
				SWIFT_VERSION = 5.0;
				TARGETED_DEVICE_FAMILY = "1,2";
			};
			name = Release;
		};
/* End XCBuildConfiguration section */

/* Begin XCConfigurationList section */
		A85EB9C22BA3EB62008B2482 /* Build configuration list for PBXProject "TCA_Essential_YFF" */ = {
			isa = XCConfigurationList;
			buildConfigurations = (
				A85EB9D32BA3EB63008B2482 /* Debug */,
				A85EB9D42BA3EB63008B2482 /* Release */,
			);
			defaultConfigurationIsVisible = 0;
			defaultConfigurationName = Release;
		};
		A85EB9D52BA3EB63008B2482 /* Build configuration list for PBXNativeTarget "TCA_Essential_YFF" */ = {
			isa = XCConfigurationList;
			buildConfigurations = (
				A85EB9D62BA3EB63008B2482 /* Debug */,
				A85EB9D72BA3EB63008B2482 /* Release */,
			);
			defaultConfigurationIsVisible = 0;
			defaultConfigurationName = Release;
		};
/* End XCConfigurationList section */

/* Begin XCRemoteSwiftPackageReference section */
		A85EB9D82BA3EBE0008B2482 /* XCRemoteSwiftPackageReference "swift-composable-architecture" */ = {
			isa = XCRemoteSwiftPackageReference;
			repositoryURL = "https://github.com/pointfreeco/swift-composable-architecture";
			requirement = {
				kind = upToNextMajorVersion;
				minimumVersion = 1.9.2;
			};
		};
/* End XCRemoteSwiftPackageReference section */

/* Begin XCSwiftPackageProductDependency section */
		A85EB9D92BA3EBE0008B2482 /* ComposableArchitecture */ = {
			isa = XCSwiftPackageProductDependency;
			package = A85EB9D82BA3EBE0008B2482 /* XCRemoteSwiftPackageReference "swift-composable-architecture" */;
			productName = ComposableArchitecture;
		};
/* End XCSwiftPackageProductDependency section */
	};
	rootObject = A85EB9BF2BA3EB62008B2482 /* Project object */;
}
